
Microsoft Visual Studio Solution File, Format Version 12.00
# Visual Studio 2013
VisualStudioVersion = 12.0.31101.0
MinimumVisualStudioVersion = 10.0.40219.1
Project("{FAE04EC0-301F-11D3-BF4B-00C04F79EFBC}") = "01.CreamPie(1)", "01.CreamPie\01.CreamPie(1).csproj", "{7DAA81E0-62CE-4DEF-A4C0-C9512E222AB2}"
EndProject
Project("{FAE04EC0-301F-11D3-BF4B-00C04F79EFBC}") = "02.PeshoGarden(1)", "02.PeshoGarden\02.PeshoGarden(1).csproj", "{AF118BFB-9C06-4381-967C-490BCD3A71EB}"
EndProject
Project("{FAE04EC0-301F-11D3-BF4B-00C04F79EFBC}") = "03.MissCat2015(2)", "03.MissCat2015(2)\03.MissCat2015(2).csproj", "{AA4D4A96-C367-4323-B488-4D5CA8937AD6}"
EndProject
Project("{FAE04EC0-301F-11D3-BF4B-00C04F79EFBC}") = "04.CoordinateSystem(1)", "04.CoordinateSystem\04.CoordinateSystem(1).csproj", "{B02934D7-1318-4893-9C54-F7CC2119E1C2}"
EndProject
Project("{FAE04EC0-301F-11D3-BF4B-00C04F79EFBC}") = "05.MathExpression(1)", "05.MathExpression(1)\05.MathExpression(1).csproj", "{13DF34B4-55E0-4926-8686-6E9EFC176818}"
EndProject
Project("{FAE04EC0-301F-11D3-BF4B-00C04F79EFBC}") = "06.SevenLandNumbers(1)", "06.SevenLandNumbers(1)\06.SevenLandNumbers(1).csproj", "{305BA131-AA6D-4CC9-A380-256A3F7B18C4}"
EndProject
Project("{FAE04EC0-301F-11D3-BF4B-00C04F79EFBC}") = "07.Secret69(1)", "07.Secret69(1)\07.Secret69(1).csproj", "{0D3974BA-A759-4EFD-8C78-C0938BD6BB93}"
EndProject
Project("{FAE04EC0-301F-11D3-BF4B-00C04F79EFBC}") = "08.CoffeeVendingMachine(1)", "08.CoffeeVendingMachine\08.CoffeeVendingMachine(1).csproj", "{00673065-BD6B-46DD-900D-D12B3216FB92}"
EndProject
Project("{FAE04EC0-301F-11D3-BF4B-00C04F79EFBC}") = "09.Tribonacci(2)", "09.Tribonacci(2)\09.Tribonacci(2).csproj", "{314F810A-D33A-4CCC-9031-62E16A413B90}"
EndProject
Project("{FAE04EC0-301F-11D3-BF4B-00C04F79EFBC}") = "10.TribonnaciTriangle(2)", "10.TribonnaciTriangle(2)\10.TribonnaciTriangle(2).csproj", "{B5171E00-48A5-4A85-9529-377C336CB307}"
EndProject
Project("{FAE04EC0-301F-11D3-BF4B-00C04F79EFBC}") = "11.ApplesOrangesOrBoth(2)", "11.ApplesOrangesOrBoth(2)\11.ApplesOrangesOrBoth(2).csproj", "{75A0E715-0FC2-4EF7-B0C8-8497FC980A5F}"
EndProject
Project("{FAE04EC0-301F-11D3-BF4B-00C04F79EFBC}") = "12.A-nacci(2)", "12.A-nacci\12.A-nacci(2).csproj", "{8C97CEF8-CDC9-4279-94CC-3437CD6FEA7B}"
EndProject
Project("{FAE04EC0-301F-11D3-BF4B-00C04F79EFBC}") = "13.NextDate(1)", "13.NextDate(1)\13.NextDate(1).csproj", "{A93F50F5-B58B-49FA-AFFF-257281591B2A}"
EndProject
Project("{FAE04EC0-301F-11D3-BF4B-00C04F79EFBC}") = "14.TripleRotation(1)", "14.TripleRotation(1)\14.TripleRotation(1).csproj", "{C999565E-7BEE-4123-B952-C3487F9D44AA}"
EndProject
Project("{FAE04EC0-301F-11D3-BF4B-00C04F79EFBC}") = "15.AstrologicalDigits(2)", "15.AstrologicalDigits(2)\15.AstrologicalDigits(2).csproj", "{8E8E3C2A-241F-4C93-AA74-25177947DE45}"
EndProject
Project("{FAE04EC0-301F-11D3-BF4B-00C04F79EFBC}") = "16.CardWarsBatka(3)", "16.CardWarsBatka\16.CardWarsBatka(3).csproj", "{A07A18C5-8E6D-4AFE-93EE-DBDD52332510}"
EndProject
Project("{FAE04EC0-301F-11D3-BF4B-00C04F79EFBC}") = "17.TheHorror(2)", "17.TheHorror\17.TheHorror(2).csproj", "{68001ADD-A415-4288-991E-0BCD0754D558}"
EndProject
Project("{FAE04EC0-301F-11D3-BF4B-00C04F79EFBC}") = "18.FirTree(3)", "18.FirTree\18.FirTree(3).csproj", "{5161E7A1-EFAC-4AA5-8163-F88A3D5C36A2}"
EndProject
Project("{FAE04EC0-301F-11D3-BF4B-00C04F79EFBC}") = "19.SecretsOfNumbers(2)", "19.SecretsOfNumbers(2)\19.SecretsOfNumbers(2).csproj", "{DF60CA53-8FAA-4636-AEA6-31828A2AAC3D}"
EndProject
Project("{FAE04EC0-301F-11D3-BF4B-00C04F79EFBC}") = "20.UK-Flag(4)", "20.UK-Flag(4)\20.UK-Flag(4).csproj", "{0E2EE456-2797-4742-A30A-E0C218F1BFCA}"
EndProject
Project("{FAE04EC0-301F-11D3-BF4B-00C04F79EFBC}") = "21.Carpets(4)", "21.Carpets(4)\21.Carpets(4).csproj", "{A36E76BC-C8F9-46E7-877E-4FBC5AAB0D50}"
EndProject
Project("{FAE04EC0-301F-11D3-BF4B-00C04F79EFBC}") = "22.NightMareAcademy(2)", "22.NightMareAcademy(2)\22.NightMareAcademy(2).csproj", "{49CED621-03C5-44A3-8A0F-084179F72C1F}"
EndProject
Project("{FAE04EC0-301F-11D3-BF4B-00C04F79EFBC}") = "23.EnigmaNATION(3)", "23.EnigmaNATION(3)\23.EnigmaNATION(3).csproj", "{AE445C62-1091-4323-BE0F-EDCC1353ED4B}"
EndProject
Project("{FAE04EC0-301F-11D3-BF4B-00C04F79EFBC}") = "24.ForestRoad(3)", "24.ForestRoad(3)\24.ForestRoad(3).csproj", "{22F9CCCC-8166-435E-9952-3D21369221B6}"
EndProject
Project("{FAE04EC0-301F-11D3-BF4B-00C04F79EFBC}") = "25.TelerikLogo(4)", "25.TelerikLogo(4)\25.TelerikLogo(4).csproj", "{0A3BAB53-0CEC-4CA3-B028-17D89984D886}"
EndProject
Project("{FAE04EC0-301F-11D3-BF4B-00C04F79EFBC}") = "26.DrunkenNumbers(2)", "26.DrunkenNumbers(2)\26.DrunkenNumbers(2).csproj", "{D02F5904-7EDF-4B83-AF87-7FA2A53CE02F}"
EndProject
Project("{FAE04EC0-301F-11D3-BF4B-00C04F79EFBC}") = "27.AngryFEMALE-GPS(2)", "27.AngryFEMALE-GPS\27.AngryFEMALE-GPS(2).csproj", "{352E4B59-CF15-49EC-BE8C-694B313388A3}"
EndProject
Project("{FAE04EC0-301F-11D3-BF4B-00C04F79EFBC}") = "28.FireInTheMATRIX(4)", "28.FireInTheMATRIX(4)\28.FireInTheMATRIX(4).csproj", "{B4A8A6BA-A593-4B1B-BF66-137EEF6C688F}"
EndProject
Project("{FAE04EC0-301F-11D3-BF4B-00C04F79EFBC}") = "29.BatGoikoTower(4)", "29.BatGoikoTower(4)\29.BatGoikoTower(4).csproj", "{3153562A-5905-42C2-A125-F4EC7D404DCF}"
EndProject
Project("{FAE04EC0-301F-11D3-BF4B-00C04F79EFBC}") = "30.EGGcelent(4)", "30.EGGcelent(4)\30.EGGcelent(4).csproj", "{C3F2DF20-C6AC-42FC-A307-90B7DC974A18}"
EndProject
Project("{FAE04EC0-301F-11D3-BF4B-00C04F79EFBC}") = "31.Diamonds(4)", "31.Diamonds(4)\31.Diamonds(4).csproj", "{A68B7ACE-C304-44AE-B611-3ED5053AD329}"
EndProject
Global
	GlobalSection(SolutionConfigurationPlatforms) = preSolution
		Debug|Any CPU = Debug|Any CPU
		Release|Any CPU = Release|Any CPU
	EndGlobalSection
	GlobalSection(ProjectConfigurationPlatforms) = postSolution
		{7DAA81E0-62CE-4DEF-A4C0-C9512E222AB2}.Debug|Any CPU.ActiveCfg = Debug|Any CPU
		{7DAA81E0-62CE-4DEF-A4C0-C9512E222AB2}.Debug|Any CPU.Build.0 = Debug|Any CPU
		{7DAA81E0-62CE-4DEF-A4C0-C9512E222AB2}.Release|Any CPU.ActiveCfg = Release|Any CPU
		{7DAA81E0-62CE-4DEF-A4C0-C9512E222AB2}.Release|Any CPU.Build.0 = Release|Any CPU
		{AF118BFB-9C06-4381-967C-490BCD3A71EB}.Debug|Any CPU.ActiveCfg = Debug|Any CPU
		{AF118BFB-9C06-4381-967C-490BCD3A71EB}.Debug|Any CPU.Build.0 = Debug|Any CPU
		{AF118BFB-9C06-4381-967C-490BCD3A71EB}.Release|Any CPU.ActiveCfg = Release|Any CPU
		{AF118BFB-9C06-4381-967C-490BCD3A71EB}.Release|Any CPU.Build.0 = Release|Any CPU
		{AA4D4A96-C367-4323-B488-4D5CA8937AD6}.Debug|Any CPU.ActiveCfg = Debug|Any CPU
		{AA4D4A96-C367-4323-B488-4D5CA8937AD6}.Debug|Any CPU.Build.0 = Debug|Any CPU
		{AA4D4A96-C367-4323-B488-4D5CA8937AD6}.Release|Any CPU.ActiveCfg = Release|Any CPU
		{AA4D4A96-C367-4323-B488-4D5CA8937AD6}.Release|Any CPU.Build.0 = Release|Any CPU
		{B02934D7-1318-4893-9C54-F7CC2119E1C2}.Debug|Any CPU.ActiveCfg = Debug|Any CPU
		{B02934D7-1318-4893-9C54-F7CC2119E1C2}.Debug|Any CPU.Build.0 = Debug|Any CPU
		{B02934D7-1318-4893-9C54-F7CC2119E1C2}.Release|Any CPU.ActiveCfg = Release|Any CPU
		{B02934D7-1318-4893-9C54-F7CC2119E1C2}.Release|Any CPU.Build.0 = Release|Any CPU
		{13DF34B4-55E0-4926-8686-6E9EFC176818}.Debug|Any CPU.ActiveCfg = Debug|Any CPU
		{13DF34B4-55E0-4926-8686-6E9EFC176818}.Debug|Any CPU.Build.0 = Debug|Any CPU
		{13DF34B4-55E0-4926-8686-6E9EFC176818}.Release|Any CPU.ActiveCfg = Release|Any CPU
		{13DF34B4-55E0-4926-8686-6E9EFC176818}.Release|Any CPU.Build.0 = Release|Any CPU
		{305BA131-AA6D-4CC9-A380-256A3F7B18C4}.Debug|Any CPU.ActiveCfg = Debug|Any CPU
		{305BA131-AA6D-4CC9-A380-256A3F7B18C4}.Debug|Any CPU.Build.0 = Debug|Any CPU
		{305BA131-AA6D-4CC9-A380-256A3F7B18C4}.Release|Any CPU.ActiveCfg = Release|Any CPU
		{305BA131-AA6D-4CC9-A380-256A3F7B18C4}.Release|Any CPU.Build.0 = Release|Any CPU
		{0D3974BA-A759-4EFD-8C78-C0938BD6BB93}.Debug|Any CPU.ActiveCfg = Debug|Any CPU
		{0D3974BA-A759-4EFD-8C78-C0938BD6BB93}.Debug|Any CPU.Build.0 = Debug|Any CPU
		{0D3974BA-A759-4EFD-8C78-C0938BD6BB93}.Release|Any CPU.ActiveCfg = Release|Any CPU
		{0D3974BA-A759-4EFD-8C78-C0938BD6BB93}.Release|Any CPU.Build.0 = Release|Any CPU
		{00673065-BD6B-46DD-900D-D12B3216FB92}.Debug|Any CPU.ActiveCfg = Debug|Any CPU
		{00673065-BD6B-46DD-900D-D12B3216FB92}.Debug|Any CPU.Build.0 = Debug|Any CPU
		{00673065-BD6B-46DD-900D-D12B3216FB92}.Release|Any CPU.ActiveCfg = Release|Any CPU
		{00673065-BD6B-46DD-900D-D12B3216FB92}.Release|Any CPU.Build.0 = Release|Any CPU
		{314F810A-D33A-4CCC-9031-62E16A413B90}.Debug|Any CPU.ActiveCfg = Debug|Any CPU
		{314F810A-D33A-4CCC-9031-62E16A413B90}.Debug|Any CPU.Build.0 = Debug|Any CPU
		{314F810A-D33A-4CCC-9031-62E16A413B90}.Release|Any CPU.ActiveCfg = Release|Any CPU
		{314F810A-D33A-4CCC-9031-62E16A413B90}.Release|Any CPU.Build.0 = Release|Any CPU
		{B5171E00-48A5-4A85-9529-377C336CB307}.Debug|Any CPU.ActiveCfg = Debug|Any CPU
		{B5171E00-48A5-4A85-9529-377C336CB307}.Debug|Any CPU.Build.0 = Debug|Any CPU
		{B5171E00-48A5-4A85-9529-377C336CB307}.Release|Any CPU.ActiveCfg = Release|Any CPU
		{B5171E00-48A5-4A85-9529-377C336CB307}.Release|Any CPU.Build.0 = Release|Any CPU
		{75A0E715-0FC2-4EF7-B0C8-8497FC980A5F}.Debug|Any CPU.ActiveCfg = Debug|Any CPU
		{75A0E715-0FC2-4EF7-B0C8-8497FC980A5F}.Debug|Any CPU.Build.0 = Debug|Any CPU
		{75A0E715-0FC2-4EF7-B0C8-8497FC980A5F}.Release|Any CPU.ActiveCfg = Release|Any CPU
		{75A0E715-0FC2-4EF7-B0C8-8497FC980A5F}.Release|Any CPU.Build.0 = Release|Any CPU
		{8C97CEF8-CDC9-4279-94CC-3437CD6FEA7B}.Debug|Any CPU.ActiveCfg = Debug|Any CPU
		{8C97CEF8-CDC9-4279-94CC-3437CD6FEA7B}.Debug|Any CPU.Build.0 = Debug|Any CPU
		{8C97CEF8-CDC9-4279-94CC-3437CD6FEA7B}.Release|Any CPU.ActiveCfg = Release|Any CPU
		{8C97CEF8-CDC9-4279-94CC-3437CD6FEA7B}.Release|Any CPU.Build.0 = Release|Any CPU
		{A93F50F5-B58B-49FA-AFFF-257281591B2A}.Debug|Any CPU.ActiveCfg = Debug|Any CPU
		{A93F50F5-B58B-49FA-AFFF-257281591B2A}.Debug|Any CPU.Build.0 = Debug|Any CPU
		{A93F50F5-B58B-49FA-AFFF-257281591B2A}.Release|Any CPU.ActiveCfg = Release|Any CPU
		{A93F50F5-B58B-49FA-AFFF-257281591B2A}.Release|Any CPU.Build.0 = Release|Any CPU
		{C999565E-7BEE-4123-B952-C3487F9D44AA}.Debug|Any CPU.ActiveCfg = Debug|Any CPU
		{C999565E-7BEE-4123-B952-C3487F9D44AA}.Debug|Any CPU.Build.0 = Debug|Any CPU
		{C999565E-7BEE-4123-B952-C3487F9D44AA}.Release|Any CPU.ActiveCfg = Release|Any CPU
		{C999565E-7BEE-4123-B952-C3487F9D44AA}.Release|Any CPU.Build.0 = Release|Any CPU
		{8E8E3C2A-241F-4C93-AA74-25177947DE45}.Debug|Any CPU.ActiveCfg = Debug|Any CPU
		{8E8E3C2A-241F-4C93-AA74-25177947DE45}.Debug|Any CPU.Build.0 = Debug|Any CPU
		{8E8E3C2A-241F-4C93-AA74-25177947DE45}.Release|Any CPU.ActiveCfg = Release|Any CPU
		{8E8E3C2A-241F-4C93-AA74-25177947DE45}.Release|Any CPU.Build.0 = Release|Any CPU
		{A07A18C5-8E6D-4AFE-93EE-DBDD52332510}.Debug|Any CPU.ActiveCfg = Debug|Any CPU
		{A07A18C5-8E6D-4AFE-93EE-DBDD52332510}.Debug|Any CPU.Build.0 = Debug|Any CPU
		{A07A18C5-8E6D-4AFE-93EE-DBDD52332510}.Release|Any CPU.ActiveCfg = Release|Any CPU
		{A07A18C5-8E6D-4AFE-93EE-DBDD52332510}.Release|Any CPU.Build.0 = Release|Any CPU
		{68001ADD-A415-4288-991E-0BCD0754D558}.Debug|Any CPU.ActiveCfg = Debug|Any CPU
		{68001ADD-A415-4288-991E-0BCD0754D558}.Debug|Any CPU.Build.0 = Debug|Any CPU
		{68001ADD-A415-4288-991E-0BCD0754D558}.Release|Any CPU.ActiveCfg = Release|Any CPU
		{68001ADD-A415-4288-991E-0BCD0754D558}.Release|Any CPU.Build.0 = Release|Any CPU
		{5161E7A1-EFAC-4AA5-8163-F88A3D5C36A2}.Debug|Any CPU.ActiveCfg = Debug|Any CPU
		{5161E7A1-EFAC-4AA5-8163-F88A3D5C36A2}.Debug|Any CPU.Build.0 = Debug|Any CPU
		{5161E7A1-EFAC-4AA5-8163-F88A3D5C36A2}.Release|Any CPU.ActiveCfg = Release|Any CPU
		{5161E7A1-EFAC-4AA5-8163-F88A3D5C36A2}.Release|Any CPU.Build.0 = Release|Any CPU
		{DF60CA53-8FAA-4636-AEA6-31828A2AAC3D}.Debug|Any CPU.ActiveCfg = Debug|Any CPU
		{DF60CA53-8FAA-4636-AEA6-31828A2AAC3D}.Debug|Any CPU.Build.0 = Debug|Any CPU
		{DF60CA53-8FAA-4636-AEA6-31828A2AAC3D}.Release|Any CPU.ActiveCfg = Release|Any CPU
		{DF60CA53-8FAA-4636-AEA6-31828A2AAC3D}.Release|Any CPU.Build.0 = Release|Any CPU
		{0E2EE456-2797-4742-A30A-E0C218F1BFCA}.Debug|Any CPU.ActiveCfg = Debug|Any CPU
		{0E2EE456-2797-4742-A30A-E0C218F1BFCA}.Debug|Any CPU.Build.0 = Debug|Any CPU
		{0E2EE456-2797-4742-A30A-E0C218F1BFCA}.Release|Any CPU.ActiveCfg = Release|Any CPU
		{0E2EE456-2797-4742-A30A-E0C218F1BFCA}.Release|Any CPU.Build.0 = Release|Any CPU
		{A36E76BC-C8F9-46E7-877E-4FBC5AAB0D50}.Debug|Any CPU.ActiveCfg = Debug|Any CPU
		{A36E76BC-C8F9-46E7-877E-4FBC5AAB0D50}.Debug|Any CPU.Build.0 = Debug|Any CPU
		{A36E76BC-C8F9-46E7-877E-4FBC5AAB0D50}.Release|Any CPU.ActiveCfg = Release|Any CPU
		{A36E76BC-C8F9-46E7-877E-4FBC5AAB0D50}.Release|Any CPU.Build.0 = Release|Any CPU
		{49CED621-03C5-44A3-8A0F-084179F72C1F}.Debug|Any CPU.ActiveCfg = Debug|Any CPU
		{49CED621-03C5-44A3-8A0F-084179F72C1F}.Debug|Any CPU.Build.0 = Debug|Any CPU
		{49CED621-03C5-44A3-8A0F-084179F72C1F}.Release|Any CPU.ActiveCfg = Release|Any CPU
		{49CED621-03C5-44A3-8A0F-084179F72C1F}.Release|Any CPU.Build.0 = Release|Any CPU
		{AE445C62-1091-4323-BE0F-EDCC1353ED4B}.Debug|Any CPU.ActiveCfg = Debug|Any CPU
		{AE445C62-1091-4323-BE0F-EDCC1353ED4B}.Debug|Any CPU.Build.0 = Debug|Any CPU
		{AE445C62-1091-4323-BE0F-EDCC1353ED4B}.Release|Any CPU.ActiveCfg = Release|Any CPU
		{AE445C62-1091-4323-BE0F-EDCC1353ED4B}.Release|Any CPU.Build.0 = Release|Any CPU
		{22F9CCCC-8166-435E-9952-3D21369221B6}.Debug|Any CPU.ActiveCfg = Debug|Any CPU
		{22F9CCCC-8166-435E-9952-3D21369221B6}.Debug|Any CPU.Build.0 = Debug|Any CPU
		{22F9CCCC-8166-435E-9952-3D21369221B6}.Release|Any CPU.ActiveCfg = Release|Any CPU
		{22F9CCCC-8166-435E-9952-3D21369221B6}.Release|Any CPU.Build.0 = Release|Any CPU
		{0A3BAB53-0CEC-4CA3-B028-17D89984D886}.Debug|Any CPU.ActiveCfg = Debug|Any CPU
		{0A3BAB53-0CEC-4CA3-B028-17D89984D886}.Debug|Any CPU.Build.0 = Debug|Any CPU
		{0A3BAB53-0CEC-4CA3-B028-17D89984D886}.Release|Any CPU.ActiveCfg = Release|Any CPU
		{0A3BAB53-0CEC-4CA3-B028-17D89984D886}.Release|Any CPU.Build.0 = Release|Any CPU
		{D02F5904-7EDF-4B83-AF87-7FA2A53CE02F}.Debug|Any CPU.ActiveCfg = Debug|Any CPU
		{D02F5904-7EDF-4B83-AF87-7FA2A53CE02F}.Debug|Any CPU.Build.0 = Debug|Any CPU
		{D02F5904-7EDF-4B83-AF87-7FA2A53CE02F}.Release|Any CPU.ActiveCfg = Release|Any CPU
		{D02F5904-7EDF-4B83-AF87-7FA2A53CE02F}.Release|Any CPU.Build.0 = Release|Any CPU
		{352E4B59-CF15-49EC-BE8C-694B313388A3}.Debug|Any CPU.ActiveCfg = Debug|Any CPU
		{352E4B59-CF15-49EC-BE8C-694B313388A3}.Debug|Any CPU.Build.0 = Debug|Any CPU
		{352E4B59-CF15-49EC-BE8C-694B313388A3}.Release|Any CPU.ActiveCfg = Release|Any CPU
		{352E4B59-CF15-49EC-BE8C-694B313388A3}.Release|Any CPU.Build.0 = Release|Any CPU
		{B4A8A6BA-A593-4B1B-BF66-137EEF6C688F}.Debug|Any CPU.ActiveCfg = Debug|Any CPU
		{B4A8A6BA-A593-4B1B-BF66-137EEF6C688F}.Debug|Any CPU.Build.0 = Debug|Any CPU
		{B4A8A6BA-A593-4B1B-BF66-137EEF6C688F}.Release|Any CPU.ActiveCfg = Release|Any CPU
		{B4A8A6BA-A593-4B1B-BF66-137EEF6C688F}.Release|Any CPU.Build.0 = Release|Any CPU
		{3153562A-5905-42C2-A125-F4EC7D404DCF}.Debug|Any CPU.ActiveCfg = Debug|Any CPU
		{3153562A-5905-42C2-A125-F4EC7D404DCF}.Debug|Any CPU.Build.0 = Debug|Any CPU
		{3153562A-5905-42C2-A125-F4EC7D404DCF}.Release|Any CPU.ActiveCfg = Release|Any CPU
		{3153562A-5905-42C2-A125-F4EC7D404DCF}.Release|Any CPU.Build.0 = Release|Any CPU
		{C3F2DF20-C6AC-42FC-A307-90B7DC974A18}.Debug|Any CPU.ActiveCfg = Debug|Any CPU
		{C3F2DF20-C6AC-42FC-A307-90B7DC974A18}.Debug|Any CPU.Build.0 = Debug|Any CPU
		{C3F2DF20-C6AC-42FC-A307-90B7DC974A18}.Release|Any CPU.ActiveCfg = Release|Any CPU
		{C3F2DF20-C6AC-42FC-A307-90B7DC974A18}.Release|Any CPU.Build.0 = Release|Any CPU
		{A68B7ACE-C304-44AE-B611-3ED5053AD329}.Debug|Any CPU.ActiveCfg = Debug|Any CPU
		{A68B7ACE-C304-44AE-B611-3ED5053AD329}.Debug|Any CPU.Build.0 = Debug|Any CPU
		{A68B7ACE-C304-44AE-B611-3ED5053AD329}.Release|Any CPU.ActiveCfg = Release|Any CPU
		{A68B7ACE-C304-44AE-B611-3ED5053AD329}.Release|Any CPU.Build.0 = Release|Any CPU
	EndGlobalSection
	GlobalSection(SolutionProperties) = preSolution
		HideSolutionNode = FALSE
	EndGlobalSection
EndGlobal
